
Microsoft Visual Studio Solution File, Format Version 12.00
# Visual Studio Version 16
VisualStudioVersion = 16.0.31205.134
MinimumVisualStudioVersion = 10.0.40219.1
Project("{FAE04EC0-301F-11D3-BF4B-00C04F79EFBC}") = "MathMech Everyday", "MathMech Everyday\MathMech Everyday.csproj", "{EB616C72-DCD6-446A-BC72-5334642CE2AD}"
EndProject
Global
	GlobalSection(SolutionConfigurationPlatforms) = preSolution
		Debug|Any CPU = Debug|Any CPU
		Release|Any CPU = Release|Any CPU
	EndGlobalSection
	GlobalSection(ProjectConfigurationPlatforms) = postSolution
		{EB616C72-DCD6-446A-BC72-5334642CE2AD}.Debug|Any CPU.ActiveCfg = Debug|Any CPU
		{EB616C72-DCD6-446A-BC72-5334642CE2AD}.Debug|Any CPU.Build.0 = Debug|Any CPU
		{EB616C72-DCD6-446A-BC72-5334642CE2AD}.Release|Any CPU.ActiveCfg = Release|Any CPU
		{EB616C72-DCD6-446A-BC72-5334642CE2AD}.Release|Any CPU.Build.0 = Release|Any CPU
	EndGlobalSection
	GlobalSection(SolutionProperties) = preSolution
		HideSolutionNode = FALSE
	EndGlobalSection
	GlobalSection(ExtensibilityGlobals) = postSolution
		SolutionGuid = {CD8FB801-6AFC-4FBC-9E08-ED66C95FE831}
	EndGlobalSection
EndGlobal
